
Microsoft Visual Studio Solution File, Format Version 12.00
# Visual Studio Version 16
VisualStudioVersion = 16.0.29806.167
MinimumVisualStudioVersion = 10.0.40219.1
Project("{9A19103F-16F7-4668-BE54-9A1E7A4F7556}") = "ProjectSTSlore", "ProjectSTSlore\ProjectSTSlore.csproj", "{388D0943-FE47-44BD-96A3-E466EC1CF577}"
EndProject
Project("{C7167F0D-BC9F-4E6E-AFE1-012C56B48DB5}") = "ProjectSTSloreInstaller", "ProjectSTSloreInstaller\ProjectSTSloreInstaller.wapproj", "{99B46E5E-E4FA-4037-B22E-E4222CD95448}"
EndProject
Global
	GlobalSection(SolutionConfigurationPlatforms) = preSolution
		Debug|Any CPU = Debug|Any CPU
		Debug|ARM = Debug|ARM
		Debug|ARM64 = Debug|ARM64
		Debug|x64 = Debug|x64
		Debug|x86 = Debug|x86
		Release|Any CPU = Release|Any CPU
		Release|ARM = Release|ARM
		Release|ARM64 = Release|ARM64
		Release|x64 = Release|x64
		Release|x86 = Release|x86
	EndGlobalSection
	GlobalSection(ProjectConfigurationPlatforms) = postSolution
		{388D0943-FE47-44BD-96A3-E466EC1CF577}.Debug|Any CPU.ActiveCfg = Debug|Any CPU
		{388D0943-FE47-44BD-96A3-E466EC1CF577}.Debug|Any CPU.Build.0 = Debug|Any CPU
		{388D0943-FE47-44BD-96A3-E466EC1CF577}.Debug|ARM.ActiveCfg = Debug|Any CPU
		{388D0943-FE47-44BD-96A3-E466EC1CF577}.Debug|ARM.Build.0 = Debug|Any CPU
		{388D0943-FE47-44BD-96A3-E466EC1CF577}.Debug|ARM64.ActiveCfg = Debug|Any CPU
		{388D0943-FE47-44BD-96A3-E466EC1CF577}.Debug|ARM64.Build.0 = Debug|Any CPU
		{388D0943-FE47-44BD-96A3-E466EC1CF577}.Debug|x64.ActiveCfg = Debug|Any CPU
		{388D0943-FE47-44BD-96A3-E466EC1CF577}.Debug|x64.Build.0 = Debug|Any CPU
		{388D0943-FE47-44BD-96A3-E466EC1CF577}.Debug|x86.ActiveCfg = Debug|Any CPU
		{388D0943-FE47-44BD-96A3-E466EC1CF577}.Debug|x86.Build.0 = Debug|Any CPU
		{388D0943-FE47-44BD-96A3-E466EC1CF577}.Release|Any CPU.ActiveCfg = Release|Any CPU
		{388D0943-FE47-44BD-96A3-E466EC1CF577}.Release|Any CPU.Build.0 = Release|Any CPU
		{388D0943-FE47-44BD-96A3-E466EC1CF577}.Release|ARM.ActiveCfg = Release|Any CPU
		{388D0943-FE47-44BD-96A3-E466EC1CF577}.Release|ARM.Build.0 = Release|Any CPU
		{388D0943-FE47-44BD-96A3-E466EC1CF577}.Release|ARM64.ActiveCfg = Release|Any CPU
		{388D0943-FE47-44BD-96A3-E466EC1CF577}.Release|ARM64.Build.0 = Release|Any CPU
		{388D0943-FE47-44BD-96A3-E466EC1CF577}.Release|x64.ActiveCfg = Release|x64
		{388D0943-FE47-44BD-96A3-E466EC1CF577}.Release|x64.Build.0 = Release|x64
		{388D0943-FE47-44BD-96A3-E466EC1CF577}.Release|x86.ActiveCfg = Release|x86
		{388D0943-FE47-44BD-96A3-E466EC1CF577}.Release|x86.Build.0 = Release|x86
		{99B46E5E-E4FA-4037-B22E-E4222CD95448}.Debug|Any CPU.ActiveCfg = Debug|Any CPU
		{99B46E5E-E4FA-4037-B22E-E4222CD95448}.Debug|Any CPU.Build.0 = Debug|Any CPU
		{99B46E5E-E4FA-4037-B22E-E4222CD95448}.Debug|Any CPU.Deploy.0 = Debug|Any CPU
		{99B46E5E-E4FA-4037-B22E-E4222CD95448}.Debug|ARM.ActiveCfg = Debug|ARM
		{99B46E5E-E4FA-4037-B22E-E4222CD95448}.Debug|ARM.Build.0 = Debug|ARM
		{99B46E5E-E4FA-4037-B22E-E4222CD95448}.Debug|ARM.Deploy.0 = Debug|ARM
		{99B46E5E-E4FA-4037-B22E-E4222CD95448}.Debug|ARM64.ActiveCfg = Debug|ARM64
		{99B46E5E-E4FA-4037-B22E-E4222CD95448}.Debug|ARM64.Build.0 = Debug|ARM64
		{99B46E5E-E4FA-4037-B22E-E4222CD95448}.Debug|ARM64.Deploy.0 = Debug|ARM64
		{99B46E5E-E4FA-4037-B22E-E4222CD95448}.Debug|x64.ActiveCfg = Debug|x64
		{99B46E5E-E4FA-4037-B22E-E4222CD95448}.Debug|x64.Build.0 = Debug|x64
		{99B46E5E-E4FA-4037-B22E-E4222CD95448}.Debug|x64.Deploy.0 = Debug|x64
		{99B46E5E-E4FA-4037-B22E-E4222CD95448}.Debug|x86.ActiveCfg = Debug|x86
		{99B46E5E-E4FA-4037-B22E-E4222CD95448}.Debug|x86.Build.0 = Debug|x86
		{99B46E5E-E4FA-4037-B22E-E4222CD95448}.Debug|x86.Deploy.0 = Debug|x86
		{99B46E5E-E4FA-4037-B22E-E4222CD95448}.Release|Any CPU.ActiveCfg = Release|Any CPU
		{99B46E5E-E4FA-4037-B22E-E4222CD95448}.Release|Any CPU.Build.0 = Release|Any CPU
		{99B46E5E-E4FA-4037-B22E-E4222CD95448}.Release|Any CPU.Deploy.0 = Release|Any CPU
		{99B46E5E-E4FA-4037-B22E-E4222CD95448}.Release|ARM.ActiveCfg = Release|ARM
		{99B46E5E-E4FA-4037-B22E-E4222CD95448}.Release|ARM.Build.0 = Release|ARM
		{99B46E5E-E4FA-4037-B22E-E4222CD95448}.Release|ARM.Deploy.0 = Release|ARM
		{99B46E5E-E4FA-4037-B22E-E4222CD95448}.Release|ARM64.ActiveCfg = Release|ARM64
		{99B46E5E-E4FA-4037-B22E-E4222CD95448}.Release|ARM64.Build.0 = Release|ARM64
		{99B46E5E-E4FA-4037-B22E-E4222CD95448}.Release|ARM64.Deploy.0 = Release|ARM64
		{99B46E5E-E4FA-4037-B22E-E4222CD95448}.Release|x64.ActiveCfg = Release|x64
		{99B46E5E-E4FA-4037-B22E-E4222CD95448}.Release|x64.Build.0 = Release|x64
		{99B46E5E-E4FA-4037-B22E-E4222CD95448}.Release|x64.Deploy.0 = Release|x64
		{99B46E5E-E4FA-4037-B22E-E4222CD95448}.Release|x86.ActiveCfg = Release|x86
		{99B46E5E-E4FA-4037-B22E-E4222CD95448}.Release|x86.Build.0 = Release|x86
		{99B46E5E-E4FA-4037-B22E-E4222CD95448}.Release|x86.Deploy.0 = Release|x86
	EndGlobalSection
	GlobalSection(SolutionProperties) = preSolution
		HideSolutionNode = FALSE
	EndGlobalSection
	GlobalSection(ExtensibilityGlobals) = postSolution
		SolutionGuid = {537CEDE8-F7D3-4339-AD98-28C79B5B4263}
	EndGlobalSection
EndGlobal
